{
<<<<<<< HEAD
  "name": "workorder",
  "version": "1.0.0",
=======
  "name": "engineering-repair-miniprogram",
  "version": "0.1.2",
>>>>>>> 4f718f9b1fae18b9189bc1a9d3ca86f5056e3c0f
  "lockfileVersion": 3,
  "requires": true,
  "packages": {
    "": {
<<<<<<< HEAD
      "name": "workorder",
      "version": "1.0.0",
      "license": "ISC",
      "dependencies": {
        "@vant/weapp": "^1.11.7"
=======
      "name": "engineering-repair-miniprogram",
      "version": "0.1.2",
      "license": "ISC",
      "dependencies": {
        "@vant/weapp": "^1.10.19"
>>>>>>> 4f718f9b1fae18b9189bc1a9d3ca86f5056e3c0f
      }
    },
    "node_modules/@vant/weapp": {
      "version": "1.11.7",
      "resolved": "https://registry.npmmirror.com/@vant/weapp/-/weapp-1.11.7.tgz",
      "integrity": "sha512-Rwn9BBnb4kHSV4XmvBicwtd42J+amEUfnFDcXJsGNPNX4a9c/DoT6YLsm4X1wB2+sQbdiQsbFBLAvGRBxCkD8g==",
      "license": "MIT"
    }
  }
}
